// !$*UTF8*$!
{
	archiveVersion = 1;
	classes = {
	};
	objectVersion = 46;
	objects = {

/* Begin PBXBuildFile section */
		710475381B882CA000D72E3C /* AppDelegate.swift in Sources */ = {isa = PBXBuildFile; fileRef = 710475371B882CA000D72E3C /* AppDelegate.swift */; };
		7104753D1B882CA000D72E3C /* Main.storyboard in Resources */ = {isa = PBXBuildFile; fileRef = 7104753B1B882CA000D72E3C /* Main.storyboard */; };
		7104753F1B882CA000D72E3C /* Images.xcassets in Resources */ = {isa = PBXBuildFile; fileRef = 7104753E1B882CA000D72E3C /* Images.xcassets */; };
		710475421B882CA000D72E3C /* LaunchScreen.xib in Resources */ = {isa = PBXBuildFile; fileRef = 710475401B882CA000D72E3C /* LaunchScreen.xib */; };
		7104754E1B882CA000D72E3C /* CleanStoreTests.swift in Sources */ = {isa = PBXBuildFile; fileRef = 7104754D1B882CA000D72E3C /* CleanStoreTests.swift */; };
		713B53C41B995C2400C2E152 /* TheLittleMocker.swift in Sources */ = {isa = PBXBuildFile; fileRef = 713B53C31B995C2400C2E152 /* TheLittleMocker.swift */; };
		71416EA01B9D67AA00C6DBE4 /* CreateOrderInteractorTests.swift in Sources */ = {isa = PBXBuildFile; fileRef = 71416E9F1B9D67AA00C6DBE4 /* CreateOrderInteractorTests.swift */; };
		71416EA11B9D6CB900C6DBE4 /* Main.storyboard in Resources */ = {isa = PBXBuildFile; fileRef = 7104753B1B882CA000D72E3C /* Main.storyboard */; };
		71416EA51B9D837E00C6DBE4 /* CreateOrderPresenterTests.swift in Sources */ = {isa = PBXBuildFile; fileRef = 71416EA41B9D837E00C6DBE4 /* CreateOrderPresenterTests.swift */; };
		71416EA71B9E173D00C6DBE4 /* CreateOrderViewControllerTests.swift in Sources */ = {isa = PBXBuildFile; fileRef = 71416EA61B9E173D00C6DBE4 /* CreateOrderViewControllerTests.swift */; };
		718697401B8D8B94004E4CD9 /* CreateOrderConfigurator.swift in Sources */ = {isa = PBXBuildFile; fileRef = 718697391B8D8B94004E4CD9 /* CreateOrderConfigurator.swift */; };
		718697411B8D8B94004E4CD9 /* CreateOrderConfigurator.swift in Sources */ = {isa = PBXBuildFile; fileRef = 718697391B8D8B94004E4CD9 /* CreateOrderConfigurator.swift */; };
		718697421B8D8B94004E4CD9 /* CreateOrderInteractor.swift in Sources */ = {isa = PBXBuildFile; fileRef = 7186973A1B8D8B94004E4CD9 /* CreateOrderInteractor.swift */; };
		718697431B8D8B94004E4CD9 /* CreateOrderInteractor.swift in Sources */ = {isa = PBXBuildFile; fileRef = 7186973A1B8D8B94004E4CD9 /* CreateOrderInteractor.swift */; };
		718697441B8D8B94004E4CD9 /* CreateOrderModels.swift in Sources */ = {isa = PBXBuildFile; fileRef = 7186973B1B8D8B94004E4CD9 /* CreateOrderModels.swift */; };
		718697451B8D8B94004E4CD9 /* CreateOrderModels.swift in Sources */ = {isa = PBXBuildFile; fileRef = 7186973B1B8D8B94004E4CD9 /* CreateOrderModels.swift */; };
		718697461B8D8B94004E4CD9 /* CreateOrderPresenter.swift in Sources */ = {isa = PBXBuildFile; fileRef = 7186973C1B8D8B94004E4CD9 /* CreateOrderPresenter.swift */; };
		718697471B8D8B94004E4CD9 /* CreateOrderPresenter.swift in Sources */ = {isa = PBXBuildFile; fileRef = 7186973C1B8D8B94004E4CD9 /* CreateOrderPresenter.swift */; };
		718697481B8D8B94004E4CD9 /* CreateOrderRouter.swift in Sources */ = {isa = PBXBuildFile; fileRef = 7186973D1B8D8B94004E4CD9 /* CreateOrderRouter.swift */; };
		718697491B8D8B94004E4CD9 /* CreateOrderRouter.swift in Sources */ = {isa = PBXBuildFile; fileRef = 7186973D1B8D8B94004E4CD9 /* CreateOrderRouter.swift */; };
		7186974A1B8D8B94004E4CD9 /* CreateOrderViewController.swift in Sources */ = {isa = PBXBuildFile; fileRef = 7186973E1B8D8B94004E4CD9 /* CreateOrderViewController.swift */; };
		7186974B1B8D8B94004E4CD9 /* CreateOrderViewController.swift in Sources */ = {isa = PBXBuildFile; fileRef = 7186973E1B8D8B94004E4CD9 /* CreateOrderViewController.swift */; };
		7186974C1B8D8B94004E4CD9 /* CreateOrderWorker.swift in Sources */ = {isa = PBXBuildFile; fileRef = 7186973F1B8D8B94004E4CD9 /* CreateOrderWorker.swift */; };
		7186974D1B8D8B94004E4CD9 /* CreateOrderWorker.swift in Sources */ = {isa = PBXBuildFile; fileRef = 7186973F1B8D8B94004E4CD9 /* CreateOrderWorker.swift */; };
		71B2CCE61BE547CA00C734CA /* ListOrdersConfigurator.swift in Sources */ = {isa = PBXBuildFile; fileRef = 71B2CCDF1BE547CA00C734CA /* ListOrdersConfigurator.swift */; };
		71B2CCE71BE547CA00C734CA /* ListOrdersConfigurator.swift in Sources */ = {isa = PBXBuildFile; fileRef = 71B2CCDF1BE547CA00C734CA /* ListOrdersConfigurator.swift */; };
		71B2CCE81BE547CA00C734CA /* ListOrdersInteractor.swift in Sources */ = {isa = PBXBuildFile; fileRef = 71B2CCE01BE547CA00C734CA /* ListOrdersInteractor.swift */; };
		71B2CCE91BE547CA00C734CA /* ListOrdersInteractor.swift in Sources */ = {isa = PBXBuildFile; fileRef = 71B2CCE01BE547CA00C734CA /* ListOrdersInteractor.swift */; };
		71B2CCEA1BE547CA00C734CA /* ListOrdersModels.swift in Sources */ = {isa = PBXBuildFile; fileRef = 71B2CCE11BE547CA00C734CA /* ListOrdersModels.swift */; };
		71B2CCEB1BE547CA00C734CA /* ListOrdersModels.swift in Sources */ = {isa = PBXBuildFile; fileRef = 71B2CCE11BE547CA00C734CA /* ListOrdersModels.swift */; };
		71B2CCEC1BE547CA00C734CA /* ListOrdersPresenter.swift in Sources */ = {isa = PBXBuildFile; fileRef = 71B2CCE21BE547CA00C734CA /* ListOrdersPresenter.swift */; };
		71B2CCED1BE547CA00C734CA /* ListOrdersPresenter.swift in Sources */ = {isa = PBXBuildFile; fileRef = 71B2CCE21BE547CA00C734CA /* ListOrdersPresenter.swift */; };
		71B2CCEE1BE547CA00C734CA /* ListOrdersRouter.swift in Sources */ = {isa = PBXBuildFile; fileRef = 71B2CCE31BE547CA00C734CA /* ListOrdersRouter.swift */; };
		71B2CCEF1BE547CA00C734CA /* ListOrdersRouter.swift in Sources */ = {isa = PBXBuildFile; fileRef = 71B2CCE31BE547CA00C734CA /* ListOrdersRouter.swift */; };
		71B2CCF01BE547CA00C734CA /* ListOrdersViewController.swift in Sources */ = {isa = PBXBuildFile; fileRef = 71B2CCE41BE547CA00C734CA /* ListOrdersViewController.swift */; };
		71B2CCF11BE547CA00C734CA /* ListOrdersViewController.swift in Sources */ = {isa = PBXBuildFile; fileRef = 71B2CCE41BE547CA00C734CA /* ListOrdersViewController.swift */; };
		71B2CCF21BE547CA00C734CA /* ListOrdersWorker.swift in Sources */ = {isa = PBXBuildFile; fileRef = 71B2CCE51BE547CA00C734CA /* ListOrdersWorker.swift */; };
		71B2CCF31BE547CA00C734CA /* ListOrdersWorker.swift in Sources */ = {isa = PBXBuildFile; fileRef = 71B2CCE51BE547CA00C734CA /* ListOrdersWorker.swift */; };
/* End PBXBuildFile section */

/* Begin PBXContainerItemProxy section */
		710475481B882CA000D72E3C /* PBXContainerItemProxy */ = {
			isa = PBXContainerItemProxy;
			containerPortal = 7104752A1B882CA000D72E3C /* Project object */;
			proxyType = 1;
			remoteGlobalIDString = 710475311B882CA000D72E3C;
			remoteInfo = CleanStore;
		};
/* End PBXContainerItemProxy section */

/* Begin PBXFileReference section */
		710475321B882CA000D72E3C /* CleanStore.app */ = {isa = PBXFileReference; explicitFileType = wrapper.application; includeInIndex = 0; path = CleanStore.app; sourceTree = BUILT_PRODUCTS_DIR; };
		710475361B882CA000D72E3C /* Info.plist */ = {isa = PBXFileReference; lastKnownFileType = text.plist.xml; path = Info.plist; sourceTree = "<group>"; };
		710475371B882CA000D72E3C /* AppDelegate.swift */ = {isa = PBXFileReference; lastKnownFileType = sourcecode.swift; path = AppDelegate.swift; sourceTree = "<group>"; };
		7104753C1B882CA000D72E3C /* Base */ = {isa = PBXFileReference; lastKnownFileType = file.storyboard; name = Base; path = Base.lproj/Main.storyboard; sourceTree = "<group>"; };
		7104753E1B882CA000D72E3C /* Images.xcassets */ = {isa = PBXFileReference; lastKnownFileType = folder.assetcatalog; path = Images.xcassets; sourceTree = "<group>"; };
		710475411B882CA000D72E3C /* Base */ = {isa = PBXFileReference; lastKnownFileType = file.xib; name = Base; path = Base.lproj/LaunchScreen.xib; sourceTree = "<group>"; };
		710475471B882CA000D72E3C /* CleanStoreTests.xctest */ = {isa = PBXFileReference; explicitFileType = wrapper.cfbundle; includeInIndex = 0; path = CleanStoreTests.xctest; sourceTree = BUILT_PRODUCTS_DIR; };
		7104754C1B882CA000D72E3C /* Info.plist */ = {isa = PBXFileReference; lastKnownFileType = text.plist.xml; path = Info.plist; sourceTree = "<group>"; };
		7104754D1B882CA000D72E3C /* CleanStoreTests.swift */ = {isa = PBXFileReference; lastKnownFileType = sourcecode.swift; path = CleanStoreTests.swift; sourceTree = "<group>"; };
		713B53C31B995C2400C2E152 /* TheLittleMocker.swift */ = {isa = PBXFileReference; fileEncoding = 4; lastKnownFileType = sourcecode.swift; path = TheLittleMocker.swift; sourceTree = "<group>"; };
		71416E9F1B9D67AA00C6DBE4 /* CreateOrderInteractorTests.swift */ = {isa = PBXFileReference; fileEncoding = 4; lastKnownFileType = sourcecode.swift; path = CreateOrderInteractorTests.swift; sourceTree = "<group>"; };
		71416EA41B9D837E00C6DBE4 /* CreateOrderPresenterTests.swift */ = {isa = PBXFileReference; fileEncoding = 4; lastKnownFileType = sourcecode.swift; path = CreateOrderPresenterTests.swift; sourceTree = "<group>"; };
		71416EA61B9E173D00C6DBE4 /* CreateOrderViewControllerTests.swift */ = {isa = PBXFileReference; fileEncoding = 4; lastKnownFileType = sourcecode.swift; path = CreateOrderViewControllerTests.swift; sourceTree = "<group>"; };
		718697391B8D8B94004E4CD9 /* CreateOrderConfigurator.swift */ = {isa = PBXFileReference; fileEncoding = 4; lastKnownFileType = sourcecode.swift; path = CreateOrderConfigurator.swift; sourceTree = "<group>"; };
		7186973A1B8D8B94004E4CD9 /* CreateOrderInteractor.swift */ = {isa = PBXFileReference; fileEncoding = 4; lastKnownFileType = sourcecode.swift; path = CreateOrderInteractor.swift; sourceTree = "<group>"; };
		7186973B1B8D8B94004E4CD9 /* CreateOrderModels.swift */ = {isa = PBXFileReference; fileEncoding = 4; lastKnownFileType = sourcecode.swift; path = CreateOrderModels.swift; sourceTree = "<group>"; };
		7186973C1B8D8B94004E4CD9 /* CreateOrderPresenter.swift */ = {isa = PBXFileReference; fileEncoding = 4; lastKnownFileType = sourcecode.swift; path = CreateOrderPresenter.swift; sourceTree = "<group>"; };
		7186973D1B8D8B94004E4CD9 /* CreateOrderRouter.swift */ = {isa = PBXFileReference; fileEncoding = 4; lastKnownFileType = sourcecode.swift; path = CreateOrderRouter.swift; sourceTree = "<group>"; };
		7186973E1B8D8B94004E4CD9 /* CreateOrderViewController.swift */ = {isa = PBXFileReference; fileEncoding = 4; lastKnownFileType = sourcecode.swift; path = CreateOrderViewController.swift; sourceTree = "<group>"; };
		7186973F1B8D8B94004E4CD9 /* CreateOrderWorker.swift */ = {isa = PBXFileReference; fileEncoding = 4; lastKnownFileType = sourcecode.swift; path = CreateOrderWorker.swift; sourceTree = "<group>"; };
		71B2CCDF1BE547CA00C734CA /* ListOrdersConfigurator.swift */ = {isa = PBXFileReference; fileEncoding = 4; lastKnownFileType = sourcecode.swift; name = ListOrdersConfigurator.swift; path = ListOrders/ListOrdersConfigurator.swift; sourceTree = "<group>"; };
		71B2CCE01BE547CA00C734CA /* ListOrdersInteractor.swift */ = {isa = PBXFileReference; fileEncoding = 4; lastKnownFileType = sourcecode.swift; name = ListOrdersInteractor.swift; path = ListOrders/ListOrdersInteractor.swift; sourceTree = "<group>"; };
		71B2CCE11BE547CA00C734CA /* ListOrdersModels.swift */ = {isa = PBXFileReference; fileEncoding = 4; lastKnownFileType = sourcecode.swift; name = ListOrdersModels.swift; path = ListOrders/ListOrdersModels.swift; sourceTree = "<group>"; };
		71B2CCE21BE547CA00C734CA /* ListOrdersPresenter.swift */ = {isa = PBXFileReference; fileEncoding = 4; lastKnownFileType = sourcecode.swift; name = ListOrdersPresenter.swift; path = ListOrders/ListOrdersPresenter.swift; sourceTree = "<group>"; };
		71B2CCE31BE547CA00C734CA /* ListOrdersRouter.swift */ = {isa = PBXFileReference; fileEncoding = 4; lastKnownFileType = sourcecode.swift; name = ListOrdersRouter.swift; path = ListOrders/ListOrdersRouter.swift; sourceTree = "<group>"; };
		71B2CCE41BE547CA00C734CA /* ListOrdersViewController.swift */ = {isa = PBXFileReference; fileEncoding = 4; lastKnownFileType = sourcecode.swift; name = ListOrdersViewController.swift; path = ListOrders/ListOrdersViewController.swift; sourceTree = "<group>"; };
		71B2CCE51BE547CA00C734CA /* ListOrdersWorker.swift */ = {isa = PBXFileReference; fileEncoding = 4; lastKnownFileType = sourcecode.swift; name = ListOrdersWorker.swift; path = ListOrders/ListOrdersWorker.swift; sourceTree = "<group>"; };
/* End PBXFileReference section */

/* Begin PBXFrameworksBuildPhase section */
		7104752F1B882CA000D72E3C /* Frameworks */ = {
			isa = PBXFrameworksBuildPhase;
			buildActionMask = 2147483647;
			files = (
			);
			runOnlyForDeploymentPostprocessing = 0;
		};
		710475441B882CA000D72E3C /* Frameworks */ = {
			isa = PBXFrameworksBuildPhase;
			buildActionMask = 2147483647;
			files = (
			);
			runOnlyForDeploymentPostprocessing = 0;
		};
/* End PBXFrameworksBuildPhase section */

/* Begin PBXGroup section */
		710475291B882CA000D72E3C = {
			isa = PBXGroup;
			children = (
				710475341B882CA000D72E3C /* CleanStore */,
				7104754A1B882CA000D72E3C /* CleanStoreTests */,
				710475331B882CA000D72E3C /* Products */,
			);
			sourceTree = "<group>";
		};
		710475331B882CA000D72E3C /* Products */ = {
			isa = PBXGroup;
			children = (
				710475321B882CA000D72E3C /* CleanStore.app */,
				710475471B882CA000D72E3C /* CleanStoreTests.xctest */,
			);
			name = Products;
			sourceTree = "<group>";
		};
		710475341B882CA000D72E3C /* CleanStore */ = {
			isa = PBXGroup;
			children = (
				718697371B8D8B94004E4CD9 /* Scenes */,
				710475371B882CA000D72E3C /* AppDelegate.swift */,
				7104753B1B882CA000D72E3C /* Main.storyboard */,
				7104753E1B882CA000D72E3C /* Images.xcassets */,
				710475401B882CA000D72E3C /* LaunchScreen.xib */,
				710475351B882CA000D72E3C /* Supporting Files */,
			);
			path = CleanStore;
			sourceTree = "<group>";
		};
		710475351B882CA000D72E3C /* Supporting Files */ = {
			isa = PBXGroup;
			children = (
				710475361B882CA000D72E3C /* Info.plist */,
			);
			name = "Supporting Files";
			sourceTree = "<group>";
		};
		7104754A1B882CA000D72E3C /* CleanStoreTests */ = {
			isa = PBXGroup;
			children = (
				71416E9D1B9D678600C6DBE4 /* Scenes */,
				713B53C31B995C2400C2E152 /* TheLittleMocker.swift */,
				7104754D1B882CA000D72E3C /* CleanStoreTests.swift */,
				7104754B1B882CA000D72E3C /* Supporting Files */,
			);
			path = CleanStoreTests;
			sourceTree = "<group>";
		};
		7104754B1B882CA000D72E3C /* Supporting Files */ = {
			isa = PBXGroup;
			children = (
				7104754C1B882CA000D72E3C /* Info.plist */,
			);
			name = "Supporting Files";
			sourceTree = "<group>";
		};
		71416E9D1B9D678600C6DBE4 /* Scenes */ = {
			isa = PBXGroup;
			children = (
				71416E9E1B9D678600C6DBE4 /* CreateOrder */,
			);
			path = Scenes;
			sourceTree = "<group>";
		};
		71416E9E1B9D678600C6DBE4 /* CreateOrder */ = {
			isa = PBXGroup;
			children = (
				71416E9F1B9D67AA00C6DBE4 /* CreateOrderInteractorTests.swift */,
				71416EA41B9D837E00C6DBE4 /* CreateOrderPresenterTests.swift */,
				71416EA61B9E173D00C6DBE4 /* CreateOrderViewControllerTests.swift */,
			);
			path = CreateOrder;
			sourceTree = "<group>";
		};
		718697371B8D8B94004E4CD9 /* Scenes */ = {
			isa = PBXGroup;
			children = (
				71B2CCDC1BE5463E00C734CA /* ListOrders */,
				718697381B8D8B94004E4CD9 /* CreateOrder */,
			);
			path = Scenes;
			sourceTree = "<group>";
		};
		718697381B8D8B94004E4CD9 /* CreateOrder */ = {
			isa = PBXGroup;
			children = (
				718697391B8D8B94004E4CD9 /* CreateOrderConfigurator.swift */,
				7186973A1B8D8B94004E4CD9 /* CreateOrderInteractor.swift */,
				7186973B1B8D8B94004E4CD9 /* CreateOrderModels.swift */,
				7186973C1B8D8B94004E4CD9 /* CreateOrderPresenter.swift */,
				7186973D1B8D8B94004E4CD9 /* CreateOrderRouter.swift */,
				7186973E1B8D8B94004E4CD9 /* CreateOrderViewController.swift */,
				7186973F1B8D8B94004E4CD9 /* CreateOrderWorker.swift */,
			);
			path = CreateOrder;
			sourceTree = "<group>";
		};
		71B2CCDC1BE5463E00C734CA /* ListOrders */ = {
			isa = PBXGroup;
			children = (
				71B2CCDF1BE547CA00C734CA /* ListOrdersConfigurator.swift */,
				71B2CCE01BE547CA00C734CA /* ListOrdersInteractor.swift */,
				71B2CCE11BE547CA00C734CA /* ListOrdersModels.swift */,
				71B2CCE21BE547CA00C734CA /* ListOrdersPresenter.swift */,
				71B2CCE31BE547CA00C734CA /* ListOrdersRouter.swift */,
				71B2CCE41BE547CA00C734CA /* ListOrdersViewController.swift */,
				71B2CCE51BE547CA00C734CA /* ListOrdersWorker.swift */,
			);
			name = ListOrders;
			sourceTree = "<group>";
		};
/* End PBXGroup section */

/* Begin PBXNativeTarget section */
		710475311B882CA000D72E3C /* CleanStore */ = {
			isa = PBXNativeTarget;
			buildConfigurationList = 710475511B882CA000D72E3C /* Build configuration list for PBXNativeTarget "CleanStore" */;
			buildPhases = (
				7104752E1B882CA000D72E3C /* Sources */,
				7104752F1B882CA000D72E3C /* Frameworks */,
				710475301B882CA000D72E3C /* Resources */,
			);
			buildRules = (
			);
			dependencies = (
			);
			name = CleanStore;
			productName = CleanStore;
			productReference = 710475321B882CA000D72E3C /* CleanStore.app */;
			productType = "com.apple.product-type.application";
		};
		710475461B882CA000D72E3C /* CleanStoreTests */ = {
			isa = PBXNativeTarget;
			buildConfigurationList = 710475541B882CA000D72E3C /* Build configuration list for PBXNativeTarget "CleanStoreTests" */;
			buildPhases = (
				710475431B882CA000D72E3C /* Sources */,
				710475441B882CA000D72E3C /* Frameworks */,
				710475451B882CA000D72E3C /* Resources */,
			);
			buildRules = (
			);
			dependencies = (
				710475491B882CA000D72E3C /* PBXTargetDependency */,
			);
			name = CleanStoreTests;
			productName = CleanStoreTests;
			productReference = 710475471B882CA000D72E3C /* CleanStoreTests.xctest */;
			productType = "com.apple.product-type.bundle.unit-test";
		};
/* End PBXNativeTarget section */

/* Begin PBXProject section */
		7104752A1B882CA000D72E3C /* Project object */ = {
			isa = PBXProject;
			attributes = {
				LastSwiftMigration = 0700;
				LastSwiftUpdateCheck = 0700;
				LastUpgradeCheck = 0700;
				ORGANIZATIONNAME = "Raymond Law";
				TargetAttributes = {
					710475311B882CA000D72E3C = {
						CreatedOnToolsVersion = 6.4;
					};
					710475461B882CA000D72E3C = {
						CreatedOnToolsVersion = 6.4;
						TestTargetID = 710475311B882CA000D72E3C;
					};
				};
			};
			buildConfigurationList = 7104752D1B882CA000D72E3C /* Build configuration list for PBXProject "CleanStore" */;
			compatibilityVersion = "Xcode 3.2";
			developmentRegion = English;
			hasScannedForEncodings = 0;
			knownRegions = (
				en,
				Base,
			);
			mainGroup = 710475291B882CA000D72E3C;
			productRefGroup = 710475331B882CA000D72E3C /* Products */;
			projectDirPath = "";
			projectRoot = "";
			targets = (
				710475311B882CA000D72E3C /* CleanStore */,
				710475461B882CA000D72E3C /* CleanStoreTests */,
			);
		};
/* End PBXProject section */

/* Begin PBXResourcesBuildPhase section */
		710475301B882CA000D72E3C /* Resources */ = {
			isa = PBXResourcesBuildPhase;
			buildActionMask = 2147483647;
			files = (
				7104753D1B882CA000D72E3C /* Main.storyboard in Resources */,
				710475421B882CA000D72E3C /* LaunchScreen.xib in Resources */,
				7104753F1B882CA000D72E3C /* Images.xcassets in Resources */,
			);
			runOnlyForDeploymentPostprocessing = 0;
		};
		710475451B882CA000D72E3C /* Resources */ = {
			isa = PBXResourcesBuildPhase;
			buildActionMask = 2147483647;
			files = (
				71416EA11B9D6CB900C6DBE4 /* Main.storyboard in Resources */,
			);
			runOnlyForDeploymentPostprocessing = 0;
		};
/* End PBXResourcesBuildPhase section */

/* Begin PBXSourcesBuildPhase section */
		7104752E1B882CA000D72E3C /* Sources */ = {
			isa = PBXSourcesBuildPhase;
			buildActionMask = 2147483647;
			files = (
				718697461B8D8B94004E4CD9 /* CreateOrderPresenter.swift in Sources */,
				710475381B882CA000D72E3C /* AppDelegate.swift in Sources */,
				71B2CCEA1BE547CA00C734CA /* ListOrdersModels.swift in Sources */,
				71B2CCEC1BE547CA00C734CA /* ListOrdersPresenter.swift in Sources */,
				71B2CCE61BE547CA00C734CA /* ListOrdersConfigurator.swift in Sources */,
				71B2CCF21BE547CA00C734CA /* ListOrdersWorker.swift in Sources */,
				7186974A1B8D8B94004E4CD9 /* CreateOrderViewController.swift in Sources */,
				718697401B8D8B94004E4CD9 /* CreateOrderConfigurator.swift in Sources */,
				7186974C1B8D8B94004E4CD9 /* CreateOrderWorker.swift in Sources */,
				718697441B8D8B94004E4CD9 /* CreateOrderModels.swift in Sources */,
				71B2CCE81BE547CA00C734CA /* ListOrdersInteractor.swift in Sources */,
				718697421B8D8B94004E4CD9 /* CreateOrderInteractor.swift in Sources */,
				71B2CCF01BE547CA00C734CA /* ListOrdersViewController.swift in Sources */,
				71B2CCEE1BE547CA00C734CA /* ListOrdersRouter.swift in Sources */,
				718697481B8D8B94004E4CD9 /* CreateOrderRouter.swift in Sources */,
			);
			runOnlyForDeploymentPostprocessing = 0;
		};
		710475431B882CA000D72E3C /* Sources */ = {
			isa = PBXSourcesBuildPhase;
			buildActionMask = 2147483647;
			files = (
				718697471B8D8B94004E4CD9 /* CreateOrderPresenter.swift in Sources */,
				7104754E1B882CA000D72E3C /* CleanStoreTests.swift in Sources */,
				71416EA01B9D67AA00C6DBE4 /* CreateOrderInteractorTests.swift in Sources */,
				71B2CCF31BE547CA00C734CA /* ListOrdersWorker.swift in Sources */,
				71B2CCF11BE547CA00C734CA /* ListOrdersViewController.swift in Sources */,
				71B2CCEB1BE547CA00C734CA /* ListOrdersModels.swift in Sources */,
				71416EA51B9D837E00C6DBE4 /* CreateOrderPresenterTests.swift in Sources */,
				7186974B1B8D8B94004E4CD9 /* CreateOrderViewController.swift in Sources */,
				71416EA71B9E173D00C6DBE4 /* CreateOrderViewControllerTests.swift in Sources */,
				71B2CCED1BE547CA00C734CA /* ListOrdersPresenter.swift in Sources */,
				718697411B8D8B94004E4CD9 /* CreateOrderConfigurator.swift in Sources */,
				713B53C41B995C2400C2E152 /* TheLittleMocker.swift in Sources */,
				71B2CCE71BE547CA00C734CA /* ListOrdersConfigurator.swift in Sources */,
				7186974D1B8D8B94004E4CD9 /* CreateOrderWorker.swift in Sources */,
				718697451B8D8B94004E4CD9 /* CreateOrderModels.swift in Sources */,
				71B2CCEF1BE547CA00C734CA /* ListOrdersRouter.swift in Sources */,
				718697431B8D8B94004E4CD9 /* CreateOrderInteractor.swift in Sources */,
				718697491B8D8B94004E4CD9 /* CreateOrderRouter.swift in Sources */,
				71B2CCE91BE547CA00C734CA /* ListOrdersInteractor.swift in Sources */,
			);
			runOnlyForDeploymentPostprocessing = 0;
		};
/* End PBXSourcesBuildPhase section */

/* Begin PBXTargetDependency section */
		710475491B882CA000D72E3C /* PBXTargetDependency */ = {
			isa = PBXTargetDependency;
			target = 710475311B882CA000D72E3C /* CleanStore */;
			targetProxy = 710475481B882CA000D72E3C /* PBXContainerItemProxy */;
		};
/* End PBXTargetDependency section */

/* Begin PBXVariantGroup section */
		7104753B1B882CA000D72E3C /* Main.storyboard */ = {
			isa = PBXVariantGroup;
			children = (
				7104753C1B882CA000D72E3C /* Base */,
			);
			name = Main.storyboard;
			sourceTree = "<group>";
		};
		710475401B882CA000D72E3C /* LaunchScreen.xib */ = {
			isa = PBXVariantGroup;
			children = (
				710475411B882CA000D72E3C /* Base */,
			);
			name = LaunchScreen.xib;
			sourceTree = "<group>";
		};
/* End PBXVariantGroup section */

/* Begin XCBuildConfiguration section */
		7104754F1B882CA000D72E3C /* Debug */ = {
			isa = XCBuildConfiguration;
			buildSettings = {
				ALWAYS_SEARCH_USER_PATHS = NO;
				CLANG_CXX_LANGUAGE_STANDARD = "gnu++0x";
				CLANG_CXX_LIBRARY = "libc++";
				CLANG_ENABLE_MODULES = YES;
				CLANG_ENABLE_OBJC_ARC = YES;
				CLANG_WARN_BOOL_CONVERSION = YES;
				CLANG_WARN_CONSTANT_CONVERSION = YES;
				CLANG_WARN_DIRECT_OBJC_ISA_USAGE = YES_ERROR;
				CLANG_WARN_EMPTY_BODY = YES;
				CLANG_WARN_ENUM_CONVERSION = YES;
				CLANG_WARN_INT_CONVERSION = YES;
				CLANG_WARN_OBJC_ROOT_CLASS = YES_ERROR;
				CLANG_WARN_UNREACHABLE_CODE = YES;
				CLANG_WARN__DUPLICATE_METHOD_MATCH = YES;
				"CODE_SIGN_IDENTITY[sdk=iphoneos*]" = "iPhone Developer";
				COPY_PHASE_STRIP = NO;
				DEBUG_INFORMATION_FORMAT = "dwarf-with-dsym";
				ENABLE_STRICT_OBJC_MSGSEND = YES;
				ENABLE_TESTABILITY = YES;
				GCC_C_LANGUAGE_STANDARD = gnu99;
				GCC_DYNAMIC_NO_PIC = NO;
				GCC_NO_COMMON_BLOCKS = YES;
				GCC_OPTIMIZATION_LEVEL = 0;
				GCC_PREPROCESSOR_DEFINITIONS = (
					"DEBUG=1",
					"$(inherited)",
				);
				GCC_SYMBOLS_PRIVATE_EXTERN = NO;
				GCC_WARN_64_TO_32_BIT_CONVERSION = YES;
				GCC_WARN_ABOUT_RETURN_TYPE = YES_ERROR;
				GCC_WARN_UNDECLARED_SELECTOR = YES;
				GCC_WARN_UNINITIALIZED_AUTOS = YES_AGGRESSIVE;
				GCC_WARN_UNUSED_FUNCTION = YES;
				GCC_WARN_UNUSED_VARIABLE = YES;
				IPHONEOS_DEPLOYMENT_TARGET = 9.0;
				MTL_ENABLE_DEBUG_INFO = YES;
				ONLY_ACTIVE_ARCH = YES;
				SDKROOT = iphoneos;
				SWIFT_OPTIMIZATION_LEVEL = "-Onone";
			};
			name = Debug;
		};
		710475501B882CA000D72E3C /* Release */ = {
			isa = XCBuildConfiguration;
			buildSettings = {
				ALWAYS_SEARCH_USER_PATHS = NO;
				CLANG_CXX_LANGUAGE_STANDARD = "gnu++0x";
				CLANG_CXX_LIBRARY = "libc++";
				CLANG_ENABLE_MODULES = YES;
				CLANG_ENABLE_OBJC_ARC = YES;
				CLANG_WARN_BOOL_CONVERSION = YES;
				CLANG_WARN_CONSTANT_CONVERSION = YES;
				CLANG_WARN_DIRECT_OBJC_ISA_USAGE = YES_ERROR;
				CLANG_WARN_EMPTY_BODY = YES;
				CLANG_WARN_ENUM_CONVERSION = YES;
				CLANG_WARN_INT_CONVERSION = YES;
				CLANG_WARN_OBJC_ROOT_CLASS = YES_ERROR;
				CLANG_WARN_UNREACHABLE_CODE = YES;
				CLANG_WARN__DUPLICATE_METHOD_MATCH = YES;
				"CODE_SIGN_IDENTITY[sdk=iphoneos*]" = "iPhone Developer";
				COPY_PHASE_STRIP = NO;
				DEBUG_INFORMATION_FORMAT = "dwarf-with-dsym";
				ENABLE_NS_ASSERTIONS = NO;
				ENABLE_STRICT_OBJC_MSGSEND = YES;
				GCC_C_LANGUAGE_STANDARD = gnu99;
				GCC_NO_COMMON_BLOCKS = YES;
				GCC_WARN_64_TO_32_BIT_CONVERSION = YES;
				GCC_WARN_ABOUT_RETURN_TYPE = YES_ERROR;
				GCC_WARN_UNDECLARED_SELECTOR = YES;
				GCC_WARN_UNINITIALIZED_AUTOS = YES_AGGRESSIVE;
				GCC_WARN_UNUSED_FUNCTION = YES;
				GCC_WARN_UNUSED_VARIABLE = YES;
				IPHONEOS_DEPLOYMENT_TARGET = 9.0;
				MTL_ENABLE_DEBUG_INFO = NO;
				SDKROOT = iphoneos;
				VALIDATE_PRODUCT = YES;
			};
			name = Release;
		};
		710475521B882CA000D72E3C /* Debug */ = {
			isa = XCBuildConfiguration;
			buildSettings = {
				ASSETCATALOG_COMPILER_APPICON_NAME = AppIcon;
				INFOPLIST_FILE = CleanStore/Info.plist;
				LD_RUNPATH_SEARCH_PATHS = "$(inherited) @executable_path/Frameworks";
				PRODUCT_BUNDLE_IDENTIFIER = "com.clean-swift.$(PRODUCT_NAME:rfc1034identifier)";
				PRODUCT_NAME = "$(TARGET_NAME)";
			};
			name = Debug;
		};
		710475531B882CA000D72E3C /* Release */ = {
			isa = XCBuildConfiguration;
			buildSettings = {
				ASSETCATALOG_COMPILER_APPICON_NAME = AppIcon;
				INFOPLIST_FILE = CleanStore/Info.plist;
				LD_RUNPATH_SEARCH_PATHS = "$(inherited) @executable_path/Frameworks";
				PRODUCT_BUNDLE_IDENTIFIER = "com.clean-swift.$(PRODUCT_NAME:rfc1034identifier)";
				PRODUCT_NAME = "$(TARGET_NAME)";
			};
			name = Release;
		};
		710475551B882CA000D72E3C /* Debug */ = {
			isa = XCBuildConfiguration;
			buildSettings = {
				BUNDLE_LOADER = "$(TEST_HOST)";
				FRAMEWORK_SEARCH_PATHS = "";
				GCC_PREPROCESSOR_DEFINITIONS = (
					"DEBUG=1",
					"$(inherited)",
				);
				INFOPLIST_FILE = CleanStoreTests/Info.plist;
				LD_RUNPATH_SEARCH_PATHS = "$(inherited) @executable_path/Frameworks @loader_path/Frameworks";
				PRODUCT_BUNDLE_IDENTIFIER = "com.clean-swift.$(PRODUCT_NAME:rfc1034identifier)";
				PRODUCT_NAME = "$(TARGET_NAME)";
				TEST_HOST = "$(BUILT_PRODUCTS_DIR)/CleanStore.app/CleanStore";
			};
			name = Debug;
		};
		710475561B882CA000D72E3C /* Release */ = {
			isa = XCBuildConfiguration;
			buildSettings = {
				BUNDLE_LOADER = "$(TEST_HOST)";
				FRAMEWORK_SEARCH_PATHS = "";
				INFOPLIST_FILE = CleanStoreTests/Info.plist;
				LD_RUNPATH_SEARCH_PATHS = "$(inherited) @executable_path/Frameworks @loader_path/Frameworks";
				PRODUCT_BUNDLE_IDENTIFIER = "com.clean-swift.$(PRODUCT_NAME:rfc1034identifier)";
				PRODUCT_NAME = "$(TARGET_NAME)";
				TEST_HOST = "$(BUILT_PRODUCTS_DIR)/CleanStore.app/CleanStore";
			};
			name = Release;
		};
/* End XCBuildConfiguration section */

/* Begin XCConfigurationList section */
		7104752D1B882CA000D72E3C /* Build configuration list for PBXProject "CleanStore" */ = {
			isa = XCConfigurationList;
			buildConfigurations = (
				7104754F1B882CA000D72E3C /* Debug */,
				710475501B882CA000D72E3C /* Release */,
			);
			defaultConfigurationIsVisible = 0;
			defaultConfigurationName = Release;
		};
		710475511B882CA000D72E3C /* Build configuration list for PBXNativeTarget "CleanStore" */ = {
			isa = XCConfigurationList;
			buildConfigurations = (
				710475521B882CA000D72E3C /* Debug */,
				710475531B882CA000D72E3C /* Release */,
			);
			defaultConfigurationIsVisible = 0;
			defaultConfigurationName = Release;
		};
		710475541B882CA000D72E3C /* Build configuration list for PBXNativeTarget "CleanStoreTests" */ = {
			isa = XCConfigurationList;
			buildConfigurations = (
				710475551B882CA000D72E3C /* Debug */,
				710475561B882CA000D72E3C /* Release */,
			);
			defaultConfigurationIsVisible = 0;
			defaultConfigurationName = Release;
		};
/* End XCConfigurationList section */
	};
	rootObject = 7104752A1B882CA000D72E3C /* Project object */;
}
